// !$*UTF8*$!
{
	archiveVersion = 1;
	classes = {
	};
	objectVersion = 56;
	objects = {

/* Begin PBXBuildFile section */
		3A198F06298DC06100CEA054 /* ProductPickerOption.swift in Sources */ = {isa = PBXBuildFile; fileRef = 3A198F05298DC06100CEA054 /* ProductPickerOption.swift */; };
		3A198F08298DC07100CEA054 /* Sales.swift in Sources */ = {isa = PBXBuildFile; fileRef = 3A198F07298DC07100CEA054 /* Sales.swift */; };
		3A198F0A298DC08000CEA054 /* Product.swift in Sources */ = {isa = PBXBuildFile; fileRef = 3A198F09298DC08000CEA054 /* Product.swift */; };
		3A198F0C298DC0A800CEA054 /* ProductsViewModel.swift in Sources */ = {isa = PBXBuildFile; fileRef = 3A198F0B298DC0A800CEA054 /* ProductsViewModel.swift */; };
		3A198F0E298DC0F600CEA054 /* ProductPicker.swift in Sources */ = {isa = PBXBuildFile; fileRef = 3A198F0D298DC0F600CEA054 /* ProductPicker.swift */; };
		3A198F14298DC20200CEA054 /* ProductSalesSum.swift in Sources */ = {isa = PBXBuildFile; fileRef = 3A198F13298DC20200CEA054 /* ProductSalesSum.swift */; };
		3A198F16298DC23300CEA054 /* ProductBarChart.swift in Sources */ = {isa = PBXBuildFile; fileRef = 3A198F15298DC23300CEA054 /* ProductBarChart.swift */; };
		3AD12484297FEECF0052DB84 /* AnimatedChartsApp.swift in Sources */ = {isa = PBXBuildFile; fileRef = 3AD12483297FEECF0052DB84 /* AnimatedChartsApp.swift */; };
		3AD12486297FEECF0052DB84 /* ContentView.swift in Sources */ = {isa = PBXBuildFile; fileRef = 3AD12485297FEECF0052DB84 /* ContentView.swift */; };
		3AD12488297FEED40052DB84 /* Assets.xcassets in Resources */ = {isa = PBXBuildFile; fileRef = 3AD12487297FEED40052DB84 /* Assets.xcassets */; };
		3AD1248B297FEED40052DB84 /* Preview Assets.xcassets in Resources */ = {isa = PBXBuildFile; fileRef = 3AD1248A297FEED40052DB84 /* Preview Assets.xcassets */; };
		3AD1249A29818B6A0052DB84 /* TextAnimatableValue.swift in Sources */ = {isa = PBXBuildFile; fileRef = 3AD1249929818B6A0052DB84 /* TextAnimatableValue.swift */; };
		3AD1249C29818BEA0052DB84 /* Sequence+Extensions.swift in Sources */ = {isa = PBXBuildFile; fileRef = 3AD1249B29818BEA0052DB84 /* Sequence+Extensions.swift */; };
/* End PBXBuildFile section */

/* Begin PBXFileReference section */
		3A198F05298DC06100CEA054 /* ProductPickerOption.swift */ = {isa = PBXFileReference; lastKnownFileType = sourcecode.swift; path = ProductPickerOption.swift; sourceTree = "<group>"; };
		3A198F07298DC07100CEA054 /* Sales.swift */ = {isa = PBXFileReference; lastKnownFileType = sourcecode.swift; path = Sales.swift; sourceTree = "<group>"; };
		3A198F09298DC08000CEA054 /* Product.swift */ = {isa = PBXFileReference; lastKnownFileType = sourcecode.swift; path = Product.swift; sourceTree = "<group>"; };
		3A198F0B298DC0A800CEA054 /* ProductsViewModel.swift */ = {isa = PBXFileReference; lastKnownFileType = sourcecode.swift; path = ProductsViewModel.swift; sourceTree = "<group>"; };
		3A198F0D298DC0F600CEA054 /* ProductPicker.swift */ = {isa = PBXFileReference; lastKnownFileType = sourcecode.swift; path = ProductPicker.swift; sourceTree = "<group>"; };
		3A198F13298DC20200CEA054 /* ProductSalesSum.swift */ = {isa = PBXFileReference; lastKnownFileType = sourcecode.swift; path = ProductSalesSum.swift; sourceTree = "<group>"; };
		3A198F15298DC23300CEA054 /* ProductBarChart.swift */ = {isa = PBXFileReference; lastKnownFileType = sourcecode.swift; path = ProductBarChart.swift; sourceTree = "<group>"; };
		3AD12480297FEECF0052DB84 /* AnimatedCharts.app */ = {isa = PBXFileReference; explicitFileType = wrapper.application; includeInIndex = 0; path = AnimatedCharts.app; sourceTree = BUILT_PRODUCTS_DIR; };
		3AD12483297FEECF0052DB84 /* AnimatedChartsApp.swift */ = {isa = PBXFileReference; lastKnownFileType = sourcecode.swift; path = AnimatedChartsApp.swift; sourceTree = "<group>"; };
		3AD12485297FEECF0052DB84 /* ContentView.swift */ = {isa = PBXFileReference; lastKnownFileType = sourcecode.swift; path = ContentView.swift; sourceTree = "<group>"; };
		3AD12487297FEED40052DB84 /* Assets.xcassets */ = {isa = PBXFileReference; lastKnownFileType = folder.assetcatalog; path = Assets.xcassets; sourceTree = "<group>"; };
		3AD1248A297FEED40052DB84 /* Preview Assets.xcassets */ = {isa = PBXFileReference; lastKnownFileType = folder.assetcatalog; path = "Preview Assets.xcassets"; sourceTree = "<group>"; };
		3AD1249929818B6A0052DB84 /* TextAnimatableValue.swift */ = {isa = PBXFileReference; lastKnownFileType = sourcecode.swift; path = TextAnimatableValue.swift; sourceTree = "<group>"; };
		3AD1249B29818BEA0052DB84 /* Sequence+Extensions.swift */ = {isa = PBXFileReference; lastKnownFileType = sourcecode.swift; path = "Sequence+Extensions.swift"; sourceTree = "<group>"; };
/* End PBXFileReference section */

/* Begin PBXFrameworksBuildPhase section */
		3AD1247D297FEECF0052DB84 /* Frameworks */ = {
			isa = PBXFrameworksBuildPhase;
			buildActionMask = 2147483647;
			files = (
			);
			runOnlyForDeploymentPostprocessing = 0;
		};
/* End PBXFrameworksBuildPhase section */

/* Begin PBXGroup section */
		3AD12477297FEECF0052DB84 = {
			isa = PBXGroup;
			children = (
				3AD12482297FEECF0052DB84 /* AnimatedCharts */,
				3AD12481297FEECF0052DB84 /* Products */,
			);
			sourceTree = "<group>";
		};
		3AD12481297FEECF0052DB84 /* Products */ = {
			isa = PBXGroup;
			children = (
				3AD12480297FEECF0052DB84 /* AnimatedCharts.app */,
			);
			name = Products;
			sourceTree = "<group>";
		};
		3AD12482297FEECF0052DB84 /* AnimatedCharts */ = {
			isa = PBXGroup;
			children = (
				3AD12483297FEECF0052DB84 /* AnimatedChartsApp.swift */,
				3AD12485297FEECF0052DB84 /* ContentView.swift */,
				3AD1249F29818CE80052DB84 /* Model */,
				3AD1249D29818CAC0052DB84 /* View */,
				3AD1249E29818CCF0052DB84 /* Extensions */,
				3AD124AD2982DDF20052DB84 /* Lib */,
				3AD12489297FEED40052DB84 /* Preview Content */,
				3AD12487297FEED40052DB84 /* Assets.xcassets */,
			);
			path = AnimatedCharts;
			sourceTree = "<group>";
		};
		3AD12489297FEED40052DB84 /* Preview Content */ = {
			isa = PBXGroup;
			children = (
				3AD1248A297FEED40052DB84 /* Preview Assets.xcassets */,
			);
			path = "Preview Content";
			sourceTree = "<group>";
		};
		3AD1249D29818CAC0052DB84 /* View */ = {
			isa = PBXGroup;
			children = (
				3A198F0B298DC0A800CEA054 /* ProductsViewModel.swift */,
				3A198F0D298DC0F600CEA054 /* ProductPicker.swift */,
				3A198F13298DC20200CEA054 /* ProductSalesSum.swift */,
				3A198F15298DC23300CEA054 /* ProductBarChart.swift */,
			);
			path = View;
			sourceTree = "<group>";
		};
		3AD1249E29818CCF0052DB84 /* Extensions */ = {
			isa = PBXGroup;
			children = (
				3AD1249B29818BEA0052DB84 /* Sequence+Extensions.swift */,
			);
			path = Extensions;
			sourceTree = "<group>";
		};
		3AD1249F29818CE80052DB84 /* Model */ = {
			isa = PBXGroup;
			children = (
				3A198F05298DC06100CEA054 /* ProductPickerOption.swift */,
				3A198F07298DC07100CEA054 /* Sales.swift */,
				3A198F09298DC08000CEA054 /* Product.swift */,
			);
			path = Model;
			sourceTree = "<group>";
		};
		3AD124AD2982DDF20052DB84 /* Lib */ = {
			isa = PBXGroup;
			children = (
				3AD1249929818B6A0052DB84 /* TextAnimatableValue.swift */,
			);
			path = Lib;
			sourceTree = "<group>";
		};
/* End PBXGroup section */

/* Begin PBXNativeTarget section */
		3AD1247F297FEECF0052DB84 /* AnimatedCharts */ = {
			isa = PBXNativeTarget;
			buildConfigurationList = 3AD1248E297FEED40052DB84 /* Build configuration list for PBXNativeTarget "AnimatedCharts" */;
			buildPhases = (
				3AD1247C297FEECF0052DB84 /* Sources */,
				3AD1247D297FEECF0052DB84 /* Frameworks */,
				3AD1247E297FEECF0052DB84 /* Resources */,
			);
			buildRules = (
			);
			dependencies = (
			);
			name = AnimatedCharts;
			productName = AnimatedCharts;
			productReference = 3AD12480297FEECF0052DB84 /* AnimatedCharts.app */;
			productType = "com.apple.product-type.application";
		};
/* End PBXNativeTarget section */

/* Begin PBXProject section */
		3AD12478297FEECF0052DB84 /* Project object */ = {
			isa = PBXProject;
			attributes = {
				BuildIndependentTargetsInParallel = 1;
				LastSwiftUpdateCheck = 1420;
				LastUpgradeCheck = 1420;
				TargetAttributes = {
					3AD1247F297FEECF0052DB84 = {
						CreatedOnToolsVersion = 14.2;
					};
				};
			};
			buildConfigurationList = 3AD1247B297FEECF0052DB84 /* Build configuration list for PBXProject "AnimatedCharts" */;
			compatibilityVersion = "Xcode 14.0";
			developmentRegion = en;
			hasScannedForEncodings = 0;
			knownRegions = (
				en,
				Base,
			);
			mainGroup = 3AD12477297FEECF0052DB84;
			productRefGroup = 3AD12481297FEECF0052DB84 /* Products */;
			projectDirPath = "";
			projectRoot = "";
			targets = (
				3AD1247F297FEECF0052DB84 /* AnimatedCharts */,
			);
		};
/* End PBXProject section */

/* Begin PBXResourcesBuildPhase section */
		3AD1247E297FEECF0052DB84 /* Resources */ = {
			isa = PBXResourcesBuildPhase;
			buildActionMask = 2147483647;
			files = (
				3AD1248B297FEED40052DB84 /* Preview Assets.xcassets in Resources */,
				3AD12488297FEED40052DB84 /* Assets.xcassets in Resources */,
			);
			runOnlyForDeploymentPostprocessing = 0;
		};
/* End PBXResourcesBuildPhase section */

/* Begin PBXSourcesBuildPhase section */
		3AD1247C297FEECF0052DB84 /* Sources */ = {
			isa = PBXSourcesBuildPhase;
			buildActionMask = 2147483647;
			files = (
				3AD1249C29818BEA0052DB84 /* Sequence+Extensions.swift in Sources */,
				3AD12486297FEECF0052DB84 /* ContentView.swift in Sources */,
				3A198F0C298DC0A800CEA054 /* ProductsViewModel.swift in Sources */,
				3A198F08298DC07100CEA054 /* Sales.swift in Sources */,
				3A198F14298DC20200CEA054 /* ProductSalesSum.swift in Sources */,
				3A198F06298DC06100CEA054 /* ProductPickerOption.swift in Sources */,
				3AD12484297FEECF0052DB84 /* AnimatedChartsApp.swift in Sources */,
				3AD1249A29818B6A0052DB84 /* TextAnimatableValue.swift in Sources */,
				3A198F16298DC23300CEA054 /* ProductBarChart.swift in Sources */,
				3A198F0E298DC0F600CEA054 /* ProductPicker.swift in Sources */,
				3A198F0A298DC08000CEA054 /* Product.swift in Sources */,
			);
			runOnlyForDeploymentPostprocessing = 0;
		};
/* End PBXSourcesBuildPhase section */

/* Begin XCBuildConfiguration section */
		3AD1248C297FEED40052DB84 /* Debug */ = {
			isa = XCBuildConfiguration;
			buildSettings = {
				ALWAYS_SEARCH_USER_PATHS = NO;
				CLANG_ANALYZER_NONNULL = YES;
				CLANG_ANALYZER_NUMBER_OBJECT_CONVERSION = YES_AGGRESSIVE;
				CLANG_CXX_LANGUAGE_STANDARD = "gnu++20";
				CLANG_ENABLE_MODULES = YES;
				CLANG_ENABLE_OBJC_ARC = YES;
				CLANG_ENABLE_OBJC_WEAK = YES;
				CLANG_WARN_BLOCK_CAPTURE_AUTORELEASING = YES;
				CLANG_WARN_BOOL_CONVERSION = YES;
				CLANG_WARN_COMMA = YES;
				CLANG_WARN_CONSTANT_CONVERSION = YES;
				CLANG_WARN_DEPRECATED_OBJC_IMPLEMENTATIONS = YES;
				CLANG_WARN_DIRECT_OBJC_ISA_USAGE = YES_ERROR;
				CLANG_WARN_DOCUMENTATION_COMMENTS = YES;
				CLANG_WARN_EMPTY_BODY = YES;
				CLANG_WARN_ENUM_CONVERSION = YES;
				CLANG_WARN_INFINITE_RECURSION = YES;
				CLANG_WARN_INT_CONVERSION = YES;
				CLANG_WARN_NON_LITERAL_NULL_CONVERSION = YES;
				CLANG_WARN_OBJC_IMPLICIT_RETAIN_SELF = YES;
				CLANG_WARN_OBJC_LITERAL_CONVERSION = YES;
				CLANG_WARN_OBJC_ROOT_CLASS = YES_ERROR;
				CLANG_WARN_QUOTED_INCLUDE_IN_FRAMEWORK_HEADER = YES;
				CLANG_WARN_RANGE_LOOP_ANALYSIS = YES;
				CLANG_WARN_STRICT_PROTOTYPES = YES;
				CLANG_WARN_SUSPICIOUS_MOVE = YES;
				CLANG_WARN_UNGUARDED_AVAILABILITY = YES_AGGRESSIVE;
				CLANG_WARN_UNREACHABLE_CODE = YES;
				CLANG_WARN__DUPLICATE_METHOD_MATCH = YES;
				COPY_PHASE_STRIP = NO;
				DEBUG_INFORMATION_FORMAT = dwarf;
				ENABLE_STRICT_OBJC_MSGSEND = YES;
				ENABLE_TESTABILITY = YES;
				GCC_C_LANGUAGE_STANDARD = gnu11;
				GCC_DYNAMIC_NO_PIC = NO;
				GCC_NO_COMMON_BLOCKS = YES;
				GCC_OPTIMIZATION_LEVEL = 0;
				GCC_PREPROCESSOR_DEFINITIONS = (
					"DEBUG=1",
					"$(inherited)",
				);
				GCC_WARN_64_TO_32_BIT_CONVERSION = YES;
				GCC_WARN_ABOUT_RETURN_TYPE = YES_ERROR;
				GCC_WARN_UNDECLARED_SELECTOR = YES;
				GCC_WARN_UNINITIALIZED_AUTOS = YES_AGGRESSIVE;
				GCC_WARN_UNUSED_FUNCTION = YES;
				GCC_WARN_UNUSED_VARIABLE = YES;
				IPHONEOS_DEPLOYMENT_TARGET = 16.2;
				MTL_ENABLE_DEBUG_INFO = INCLUDE_SOURCE;
				MTL_FAST_MATH = YES;
				ONLY_ACTIVE_ARCH = YES;
				SDKROOT = iphoneos;
				SWIFT_ACTIVE_COMPILATION_CONDITIONS = DEBUG;
				SWIFT_OPTIMIZATION_LEVEL = "-Onone";
			};
			name = Debug;
		};
		3AD1248D297FEED40052DB84 /* Release */ = {
			isa = XCBuildConfiguration;
			buildSettings = {
				ALWAYS_SEARCH_USER_PATHS = NO;
				CLANG_ANALYZER_NONNULL = YES;
				CLANG_ANALYZER_NUMBER_OBJECT_CONVERSION = YES_AGGRESSIVE;
				CLANG_CXX_LANGUAGE_STANDARD = "gnu++20";
				CLANG_ENABLE_MODULES = YES;
				CLANG_ENABLE_OBJC_ARC = YES;
				CLANG_ENABLE_OBJC_WEAK = YES;
				CLANG_WARN_BLOCK_CAPTURE_AUTORELEASING = YES;
				CLANG_WARN_BOOL_CONVERSION = YES;
				CLANG_WARN_COMMA = YES;
				CLANG_WARN_CONSTANT_CONVERSION = YES;
				CLANG_WARN_DEPRECATED_OBJC_IMPLEMENTATIONS = YES;
				CLANG_WARN_DIRECT_OBJC_ISA_USAGE = YES_ERROR;
				CLANG_WARN_DOCUMENTATION_COMMENTS = YES;
				CLANG_WARN_EMPTY_BODY = YES;
				CLANG_WARN_ENUM_CONVERSION = YES;
				CLANG_WARN_INFINITE_RECURSION = YES;
				CLANG_WARN_INT_CONVERSION = YES;
				CLANG_WARN_NON_LITERAL_NULL_CONVERSION = YES;
				CLANG_WARN_OBJC_IMPLICIT_RETAIN_SELF = YES;
				CLANG_WARN_OBJC_LITERAL_CONVERSION = YES;
				CLANG_WARN_OBJC_ROOT_CLASS = YES_ERROR;
				CLANG_WARN_QUOTED_INCLUDE_IN_FRAMEWORK_HEADER = YES;
				CLANG_WARN_RANGE_LOOP_ANALYSIS = YES;
				CLANG_WARN_STRICT_PROTOTYPES = YES;
				CLANG_WARN_SUSPICIOUS_MOVE = YES;
				CLANG_WARN_UNGUARDED_AVAILABILITY = YES_AGGRESSIVE;
				CLANG_WARN_UNREACHABLE_CODE = YES;
				CLANG_WARN__DUPLICATE_METHOD_MATCH = YES;
				COPY_PHASE_STRIP = NO;
				DEBUG_INFORMATION_FORMAT = "dwarf-with-dsym";
				ENABLE_NS_ASSERTIONS = NO;
				ENABLE_STRICT_OBJC_MSGSEND = YES;
				GCC_C_LANGUAGE_STANDARD = gnu11;
				GCC_NO_COMMON_BLOCKS = YES;
				GCC_WARN_64_TO_32_BIT_CONVERSION = YES;
				GCC_WARN_ABOUT_RETURN_TYPE = YES_ERROR;
				GCC_WARN_UNDECLARED_SELECTOR = YES;
				GCC_WARN_UNINITIALIZED_AUTOS = YES_AGGRESSIVE;
				GCC_WARN_UNUSED_FUNCTION = YES;
				GCC_WARN_UNUSED_VARIABLE = YES;
				IPHONEOS_DEPLOYMENT_TARGET = 16.2;
				MTL_ENABLE_DEBUG_INFO = NO;
				MTL_FAST_MATH = YES;
				SDKROOT = iphoneos;
				SWIFT_COMPILATION_MODE = wholemodule;
				SWIFT_OPTIMIZATION_LEVEL = "-O";
				VALIDATE_PRODUCT = YES;
			};
			name = Release;
		};
		3AD1248F297FEED40052DB84 /* Debug */ = {
			isa = XCBuildConfiguration;
			buildSettings = {
				ASSETCATALOG_COMPILER_APPICON_NAME = AppIcon;
				ASSETCATALOG_COMPILER_GLOBAL_ACCENT_COLOR_NAME = AccentColor;
				CODE_SIGN_STYLE = Automatic;
				CURRENT_PROJECT_VERSION = 1;
				DEVELOPMENT_ASSET_PATHS = "\"AnimatedCharts/Preview Content\"";
				DEVELOPMENT_TEAM = 72453LZU7L;
				ENABLE_PREVIEWS = YES;
				GENERATE_INFOPLIST_FILE = YES;
				INFOPLIST_KEY_UIApplicationSceneManifest_Generation = YES;
				INFOPLIST_KEY_UIApplicationSupportsIndirectInputEvents = YES;
				INFOPLIST_KEY_UILaunchScreen_Generation = YES;
				INFOPLIST_KEY_UISupportedInterfaceOrientations_iPad = "UIInterfaceOrientationPortrait UIInterfaceOrientationPortraitUpsideDown UIInterfaceOrientationLandscapeLeft UIInterfaceOrientationLandscapeRight";
				INFOPLIST_KEY_UISupportedInterfaceOrientations_iPhone = "UIInterfaceOrientationPortrait UIInterfaceOrientationLandscapeLeft UIInterfaceOrientationLandscapeRight";
				IPHONEOS_DEPLOYMENT_TARGET = 16.1;
				LD_RUNPATH_SEARCH_PATHS = (
					"$(inherited)",
					"@executable_path/Frameworks",
				);
				MARKETING_VERSION = 1.0;
				PRODUCT_BUNDLE_IDENTIFIER = com.bjeld.apps.tutorials.AnimatedCharts;
				PRODUCT_NAME = "$(TARGET_NAME)";
				SWIFT_EMIT_LOC_STRINGS = YES;
				SWIFT_VERSION = 5.0;
				TARGETED_DEVICE_FAMILY = "1,2";
			};
			name = Debug;
		};
		3AD12490297FEED40052DB84 /* Release */ = {
			isa = XCBuildConfiguration;
			buildSettings = {
				ASSETCATALOG_COMPILER_APPICON_NAME = AppIcon;
				ASSETCATALOG_COMPILER_GLOBAL_ACCENT_COLOR_NAME = AccentColor;
				CODE_SIGN_STYLE = Automatic;
				CURRENT_PROJECT_VERSION = 1;
				DEVELOPMENT_ASSET_PATHS = "\"AnimatedCharts/Preview Content\"";
				DEVELOPMENT_TEAM = 72453LZU7L;
				ENABLE_PREVIEWS = YES;
				GENERATE_INFOPLIST_FILE = YES;
				INFOPLIST_KEY_UIApplicationSceneManifest_Generation = YES;
				INFOPLIST_KEY_UIApplicationSupportsIndirectInputEvents = YES;
				INFOPLIST_KEY_UILaunchScreen_Generation = YES;
				INFOPLIST_KEY_UISupportedInterfaceOrientations_iPad = "UIInterfaceOrientationPortrait UIInterfaceOrientationPortraitUpsideDown UIInterfaceOrientationLandscapeLeft UIInterfaceOrientationLandscapeRight";
				INFOPLIST_KEY_UISupportedInterfaceOrientations_iPhone = "UIInterfaceOrientationPortrait UIInterfaceOrientationLandscapeLeft UIInterfaceOrientationLandscapeRight";
				IPHONEOS_DEPLOYMENT_TARGET = 16.1;
				LD_RUNPATH_SEARCH_PATHS = (
					"$(inherited)",
					"@executable_path/Frameworks",
				);
				MARKETING_VERSION = 1.0;
				PRODUCT_BUNDLE_IDENTIFIER = com.bjeld.apps.tutorials.AnimatedCharts;
				PRODUCT_NAME = "$(TARGET_NAME)";
				SWIFT_EMIT_LOC_STRINGS = YES;
				SWIFT_VERSION = 5.0;
				TARGETED_DEVICE_FAMILY = "1,2";
			};
			name = Release;
		};
/* End XCBuildConfiguration section */

/* Begin XCConfigurationList section */
		3AD1247B297FEECF0052DB84 /* Build configuration list for PBXProject "AnimatedCharts" */ = {
			isa = XCConfigurationList;
			buildConfigurations = (
				3AD1248C297FEED40052DB84 /* Debug */,
				3AD1248D297FEED40052DB84 /* Release */,
			);
			defaultConfigurationIsVisible = 0;
			defaultConfigurationName = Release;
		};
		3AD1248E297FEED40052DB84 /* Build configuration list for PBXNativeTarget "AnimatedCharts" */ = {
			isa = XCConfigurationList;
			buildConfigurations = (
				3AD1248F297FEED40052DB84 /* Debug */,
				3AD12490297FEED40052DB84 /* Release */,
			);
			defaultConfigurationIsVisible = 0;
			defaultConfigurationName = Release;
		};
/* End XCConfigurationList section */
	};
	rootObject = 3AD12478297FEECF0052DB84 /* Project object */;
}
